
Microsoft Visual Studio Solution File, Format Version 12.00
# Visual Studio 2013
VisualStudioVersion = 12.0.40629.0
MinimumVisualStudioVersion = 10.0.40219.1
Project("{FAE04EC0-301F-11D3-BF4B-00C04F79EFBC}") = "CP.FrameWork", "TPC.FrameWork\CP.FrameWork.csproj", "{A5122DE9-0AB8-4754-8B2B-867D8CD69493}"
EndProject
Project("{FAE04EC0-301F-11D3-BF4B-00C04F79EFBC}") = "CP.WinFormsUI", "TPC.WinFormsUI\CP.WinFormsUI.csproj", "{C75532C4-765B-418E-B09B-46D36B2ABDB1}"
EndProject
Project("{FAE04EC0-301F-11D3-BF4B-00C04F79EFBC}") = "CoScheduling.Main", "CoSheduling\CoScheduling.Main\CoScheduling.Main.csproj", "{6C34073D-EEA1-4617-976A-49CD36664BD4}"
EndProject
Project("{2150E333-8FDC-42A3-9474-1A3956D46DE8}") = "CoScheduling", "CoScheduling", "{A1E010FB-7BBB-4945-9E8B-5210B54333EB}"
EndProject
Project("{FAE04EC0-301F-11D3-BF4B-00C04F79EFBC}") = "CoScheduling.Core", "CoSheduling\CoScheduling.Core\CoScheduling.Core.csproj", "{9F5B26D9-191A-4E42-8EAA-3D34A116FEF6}"
EndProject
Project("{FAE04EC0-301F-11D3-BF4B-00C04F79EFBC}") = "CoScheduling.MonitorTask", "CoSheduling\CoScheduling.MonitorTask\CoScheduling.MonitorTask.csproj", "{D02E9F98-DD37-4250-B522-06AC1274ED0A}"
EndProject
Project("{FAE04EC0-301F-11D3-BF4B-00C04F79EFBC}") = "CP.Interface", "TPC.Interface\CP.Interface.csproj", "{F02C56D1-F92A-41F6-9D24-891221F44C43}"
EndProject
Project("{2150E333-8FDC-42A3-9474-1A3956D46DE8}") = "bin", "bin", "{BC15ED98-AE34-4178-A546-6F50542FC81A}"
	ProjectSection(SolutionItems) = preProject
		bin\Setting.xml = bin\Setting.xml
		bin\卫星订单模板.doc = bin\卫星订单模板.doc
	EndProjectSection
EndProject
Project("{2150E333-8FDC-42A3-9474-1A3956D46DE8}") = "data", "data", "{838DAE0E-646A-46EA-BCD2-3212F3DAC521}"
EndProject
Project("{2150E333-8FDC-42A3-9474-1A3956D46DE8}") = "Map", "Map", "{D47E713A-DE90-499F-B96A-949CD4E2D824}"
	ProjectSection(SolutionItems) = preProject
		bin\Map\nation.dbf = bin\Map\nation.dbf
		bin\Map\nation.shp = bin\Map\nation.shp
		bin\Map\nation.shp.xml = bin\Map\nation.shp.xml
		bin\Map\nation.shx = bin\Map\nation.shx
	EndProjectSection
EndProject
Project("{2150E333-8FDC-42A3-9474-1A3956D46DE8}") = "Report", "Report", "{4557C4F0-88F9-44F3-A27C-FAC3A592F30C}"
	ProjectSection(SolutionItems) = preProject
		bin\Report\任务规划方案模板.docx = bin\Report\任务规划方案模板.docx
		bin\Report\无人机任务匹配模板.docx = bin\Report\无人机任务匹配模板.docx
		bin\Report\无人机申请模板.docx = bin\Report\无人机申请模板.docx
	EndProjectSection
EndProject
Global
	GlobalSection(SolutionConfigurationPlatforms) = preSolution
		Debug|Any CPU = Debug|Any CPU
		Debug|Mixed Platforms = Debug|Mixed Platforms
		Debug|x86 = Debug|x86
		Release|Any CPU = Release|Any CPU
		Release|Mixed Platforms = Release|Mixed Platforms
		Release|x86 = Release|x86
	EndGlobalSection
	GlobalSection(ProjectConfigurationPlatforms) = postSolution
		{A5122DE9-0AB8-4754-8B2B-867D8CD69493}.Debug|Any CPU.ActiveCfg = Debug|Any CPU
		{A5122DE9-0AB8-4754-8B2B-867D8CD69493}.Debug|Any CPU.Build.0 = Debug|Any CPU
		{A5122DE9-0AB8-4754-8B2B-867D8CD69493}.Debug|Mixed Platforms.ActiveCfg = Debug|Any CPU
		{A5122DE9-0AB8-4754-8B2B-867D8CD69493}.Debug|Mixed Platforms.Build.0 = Debug|Any CPU
		{A5122DE9-0AB8-4754-8B2B-867D8CD69493}.Debug|x86.ActiveCfg = Debug|Any CPU
		{A5122DE9-0AB8-4754-8B2B-867D8CD69493}.Debug|x86.Build.0 = Debug|Any CPU
		{A5122DE9-0AB8-4754-8B2B-867D8CD69493}.Release|Any CPU.ActiveCfg = Release|Any CPU
		{A5122DE9-0AB8-4754-8B2B-867D8CD69493}.Release|Any CPU.Build.0 = Release|Any CPU
		{A5122DE9-0AB8-4754-8B2B-867D8CD69493}.Release|Mixed Platforms.ActiveCfg = Release|Any CPU
		{A5122DE9-0AB8-4754-8B2B-867D8CD69493}.Release|Mixed Platforms.Build.0 = Release|Any CPU
		{A5122DE9-0AB8-4754-8B2B-867D8CD69493}.Release|x86.ActiveCfg = Release|Any CPU
		{C75532C4-765B-418E-B09B-46D36B2ABDB1}.Debug|Any CPU.ActiveCfg = Debug|Any CPU
		{C75532C4-765B-418E-B09B-46D36B2ABDB1}.Debug|Any CPU.Build.0 = Debug|Any CPU
		{C75532C4-765B-418E-B09B-46D36B2ABDB1}.Debug|Mixed Platforms.ActiveCfg = Debug|Any CPU
		{C75532C4-765B-418E-B09B-46D36B2ABDB1}.Debug|Mixed Platforms.Build.0 = Debug|Any CPU
		{C75532C4-765B-418E-B09B-46D36B2ABDB1}.Debug|x86.ActiveCfg = Debug|Any CPU
		{C75532C4-765B-418E-B09B-46D36B2ABDB1}.Debug|x86.Build.0 = Debug|Any CPU
		{C75532C4-765B-418E-B09B-46D36B2ABDB1}.Release|Any CPU.ActiveCfg = Release|Any CPU
		{C75532C4-765B-418E-B09B-46D36B2ABDB1}.Release|Any CPU.Build.0 = Release|Any CPU
		{C75532C4-765B-418E-B09B-46D36B2ABDB1}.Release|Mixed Platforms.ActiveCfg = Release|Any CPU
		{C75532C4-765B-418E-B09B-46D36B2ABDB1}.Release|Mixed Platforms.Build.0 = Release|Any CPU
		{C75532C4-765B-418E-B09B-46D36B2ABDB1}.Release|x86.ActiveCfg = Release|Any CPU
		{6C34073D-EEA1-4617-976A-49CD36664BD4}.Debug|Any CPU.ActiveCfg = Debug|Any CPU
		{6C34073D-EEA1-4617-976A-49CD36664BD4}.Debug|Any CPU.Build.0 = Debug|Any CPU
		{6C34073D-EEA1-4617-976A-49CD36664BD4}.Debug|Mixed Platforms.ActiveCfg = Debug|Any CPU
		{6C34073D-EEA1-4617-976A-49CD36664BD4}.Debug|Mixed Platforms.Build.0 = Debug|Any CPU
		{6C34073D-EEA1-4617-976A-49CD36664BD4}.Debug|x86.ActiveCfg = Debug|Any CPU
		{6C34073D-EEA1-4617-976A-49CD36664BD4}.Debug|x86.Build.0 = Debug|Any CPU
		{6C34073D-EEA1-4617-976A-49CD36664BD4}.Release|Any CPU.ActiveCfg = Release|Any CPU
		{6C34073D-EEA1-4617-976A-49CD36664BD4}.Release|Any CPU.Build.0 = Release|Any CPU
		{6C34073D-EEA1-4617-976A-49CD36664BD4}.Release|Mixed Platforms.ActiveCfg = Release|Any CPU
		{6C34073D-EEA1-4617-976A-49CD36664BD4}.Release|Mixed Platforms.Build.0 = Release|Any CPU
		{6C34073D-EEA1-4617-976A-49CD36664BD4}.Release|x86.ActiveCfg = Release|Any CPU
		{9F5B26D9-191A-4E42-8EAA-3D34A116FEF6}.Debug|Any CPU.ActiveCfg = Debug|Any CPU
		{9F5B26D9-191A-4E42-8EAA-3D34A116FEF6}.Debug|Any CPU.Build.0 = Debug|Any CPU
		{9F5B26D9-191A-4E42-8EAA-3D34A116FEF6}.Debug|Mixed Platforms.ActiveCfg = Debug|Any CPU
		{9F5B26D9-191A-4E42-8EAA-3D34A116FEF6}.Debug|Mixed Platforms.Build.0 = Debug|Any CPU
		{9F5B26D9-191A-4E42-8EAA-3D34A116FEF6}.Debug|x86.ActiveCfg = Debug|Any CPU
		{9F5B26D9-191A-4E42-8EAA-3D34A116FEF6}.Debug|x86.Build.0 = Debug|Any CPU
		{9F5B26D9-191A-4E42-8EAA-3D34A116FEF6}.Release|Any CPU.ActiveCfg = Release|Any CPU
		{9F5B26D9-191A-4E42-8EAA-3D34A116FEF6}.Release|Any CPU.Build.0 = Release|Any CPU
		{9F5B26D9-191A-4E42-8EAA-3D34A116FEF6}.Release|Mixed Platforms.ActiveCfg = Release|Any CPU
		{9F5B26D9-191A-4E42-8EAA-3D34A116FEF6}.Release|Mixed Platforms.Build.0 = Release|Any CPU
		{9F5B26D9-191A-4E42-8EAA-3D34A116FEF6}.Release|x86.ActiveCfg = Release|Any CPU
		{D02E9F98-DD37-4250-B522-06AC1274ED0A}.Debug|Any CPU.ActiveCfg = Debug|Any CPU
		{D02E9F98-DD37-4250-B522-06AC1274ED0A}.Debug|Any CPU.Build.0 = Debug|Any CPU
		{D02E9F98-DD37-4250-B522-06AC1274ED0A}.Debug|Mixed Platforms.ActiveCfg = Debug|Any CPU
		{D02E9F98-DD37-4250-B522-06AC1274ED0A}.Debug|Mixed Platforms.Build.0 = Debug|Any CPU
		{D02E9F98-DD37-4250-B522-06AC1274ED0A}.Debug|x86.ActiveCfg = Debug|Any CPU
		{D02E9F98-DD37-4250-B522-06AC1274ED0A}.Debug|x86.Build.0 = Debug|Any CPU
		{D02E9F98-DD37-4250-B522-06AC1274ED0A}.Release|Any CPU.ActiveCfg = Release|Any CPU
		{D02E9F98-DD37-4250-B522-06AC1274ED0A}.Release|Any CPU.Build.0 = Release|Any CPU
		{D02E9F98-DD37-4250-B522-06AC1274ED0A}.Release|Mixed Platforms.ActiveCfg = Release|Any CPU
		{D02E9F98-DD37-4250-B522-06AC1274ED0A}.Release|Mixed Platforms.Build.0 = Release|Any CPU
		{D02E9F98-DD37-4250-B522-06AC1274ED0A}.Release|x86.ActiveCfg = Release|Any CPU
		{F02C56D1-F92A-41F6-9D24-891221F44C43}.Debug|Any CPU.ActiveCfg = Debug|Any CPU
		{F02C56D1-F92A-41F6-9D24-891221F44C43}.Debug|Any CPU.Build.0 = Debug|Any CPU
		{F02C56D1-F92A-41F6-9D24-891221F44C43}.Debug|Mixed Platforms.ActiveCfg = Debug|Any CPU
		{F02C56D1-F92A-41F6-9D24-891221F44C43}.Debug|Mixed Platforms.Build.0 = Debug|Any CPU
		{F02C56D1-F92A-41F6-9D24-891221F44C43}.Debug|x86.ActiveCfg = Debug|Any CPU
		{F02C56D1-F92A-41F6-9D24-891221F44C43}.Debug|x86.Build.0 = Debug|Any CPU
		{F02C56D1-F92A-41F6-9D24-891221F44C43}.Release|Any CPU.ActiveCfg = Release|Any CPU
		{F02C56D1-F92A-41F6-9D24-891221F44C43}.Release|Any CPU.Build.0 = Release|Any CPU
		{F02C56D1-F92A-41F6-9D24-891221F44C43}.Release|Mixed Platforms.ActiveCfg = Release|Any CPU
		{F02C56D1-F92A-41F6-9D24-891221F44C43}.Release|Mixed Platforms.Build.0 = Release|Any CPU
		{F02C56D1-F92A-41F6-9D24-891221F44C43}.Release|x86.ActiveCfg = Release|Any CPU
	EndGlobalSection
	GlobalSection(SolutionProperties) = preSolution
		HideSolutionNode = FALSE
	EndGlobalSection
	GlobalSection(NestedProjects) = preSolution
		{6C34073D-EEA1-4617-976A-49CD36664BD4} = {A1E010FB-7BBB-4945-9E8B-5210B54333EB}
		{9F5B26D9-191A-4E42-8EAA-3D34A116FEF6} = {A1E010FB-7BBB-4945-9E8B-5210B54333EB}
		{D02E9F98-DD37-4250-B522-06AC1274ED0A} = {A1E010FB-7BBB-4945-9E8B-5210B54333EB}
		{838DAE0E-646A-46EA-BCD2-3212F3DAC521} = {BC15ED98-AE34-4178-A546-6F50542FC81A}
		{D47E713A-DE90-499F-B96A-949CD4E2D824} = {BC15ED98-AE34-4178-A546-6F50542FC81A}
		{4557C4F0-88F9-44F3-A27C-FAC3A592F30C} = {BC15ED98-AE34-4178-A546-6F50542FC81A}
	EndGlobalSection
EndGlobal
